
Microsoft Visual Studio Solution File, Format Version 12.00
# Visual Studio Version 17
VisualStudioVersion = 17.3.32811.315
MinimumVisualStudioVersion = 10.0.40219.1
Project("{2150E333-8FDC-42A3-9474-1A3956D46DE8}") = "1. API", "1. API", "{D6871080-0FE1-4690-ABBE-7322F9AEB3E1}"
EndProject
Project("{2150E333-8FDC-42A3-9474-1A3956D46DE8}") = "3. Domain", "3. Domain", "{F25078AC-D819-4187-A9A9-010C1AFB14CD}"
EndProject
Project("{2150E333-8FDC-42A3-9474-1A3956D46DE8}") = "4. Infrastructure", "4. Infrastructure", "{0AC44DBE-E59A-48EE-A6F8-BDD3819FCBE6}"
EndProject
Project("{9A19103F-16F7-4668-BE54-9A1E7A4F7556}") = "Thunder.Project.Infrastructure", "src\building_blocks\Thunder.Project.Infrastructure\Thunder.Project.Infrastructure.csproj", "{60E56E2B-3A62-4239-B45F-648AF1F6D483}"
EndProject
Project("{9A19103F-16F7-4668-BE54-9A1E7A4F7556}") = "Thunder.Project.Domain", "src\building_blocks\Thunder.Project.Domain\Thunder.Project.Domain.csproj", "{639C6088-2498-4B9F-BCC9-A10DB9568193}"
EndProject
Project("{2150E333-8FDC-42A3-9474-1A3956D46DE8}") = "5. Core", "5. Core", "{8E9FB011-45C7-42F5-A015-58F2C856FCEC}"
EndProject
Project("{9A19103F-16F7-4668-BE54-9A1E7A4F7556}") = "Thunder.Project.Core", "src\building_blocks\Thunder.Project.Core\Thunder.Project.Core.csproj", "{FFB937A2-91C4-4DBA-ABC0-3F54BA885171}"
EndProject
Project("{9A19103F-16F7-4668-BE54-9A1E7A4F7556}") = "Thunder.Project.Api", "src\services\Thunder.Project.Api\Thunder.Project.Api.csproj", "{A640BEB9-F87C-416B-868B-FE40148EA729}"
EndProject
Project("{2150E333-8FDC-42A3-9474-1A3956D46DE8}") = "2. Service", "2. Service", "{43BAB057-A2FE-4E3F-82CE-703B92D24D61}"
EndProject
Project("{9A19103F-16F7-4668-BE54-9A1E7A4F7556}") = "Thunder.Project.Service", "src\building_blocks\Thunder.Project.Service\Thunder.Project.Service.csproj", "{EF481582-3434-44BE-B566-E0175DD3477D}"
EndProject
Global
	GlobalSection(SolutionConfigurationPlatforms) = preSolution
		Debug|Any CPU = Debug|Any CPU
		Release|Any CPU = Release|Any CPU
	EndGlobalSection
	GlobalSection(ProjectConfigurationPlatforms) = postSolution
		{60E56E2B-3A62-4239-B45F-648AF1F6D483}.Debug|Any CPU.ActiveCfg = Debug|Any CPU
		{60E56E2B-3A62-4239-B45F-648AF1F6D483}.Debug|Any CPU.Build.0 = Debug|Any CPU
		{60E56E2B-3A62-4239-B45F-648AF1F6D483}.Release|Any CPU.ActiveCfg = Release|Any CPU
		{60E56E2B-3A62-4239-B45F-648AF1F6D483}.Release|Any CPU.Build.0 = Release|Any CPU
		{639C6088-2498-4B9F-BCC9-A10DB9568193}.Debug|Any CPU.ActiveCfg = Debug|Any CPU
		{639C6088-2498-4B9F-BCC9-A10DB9568193}.Debug|Any CPU.Build.0 = Debug|Any CPU
		{639C6088-2498-4B9F-BCC9-A10DB9568193}.Release|Any CPU.ActiveCfg = Release|Any CPU
		{639C6088-2498-4B9F-BCC9-A10DB9568193}.Release|Any CPU.Build.0 = Release|Any CPU
		{FFB937A2-91C4-4DBA-ABC0-3F54BA885171}.Debug|Any CPU.ActiveCfg = Debug|Any CPU
		{FFB937A2-91C4-4DBA-ABC0-3F54BA885171}.Debug|Any CPU.Build.0 = Debug|Any CPU
		{FFB937A2-91C4-4DBA-ABC0-3F54BA885171}.Release|Any CPU.ActiveCfg = Release|Any CPU
		{FFB937A2-91C4-4DBA-ABC0-3F54BA885171}.Release|Any CPU.Build.0 = Release|Any CPU
		{A640BEB9-F87C-416B-868B-FE40148EA729}.Debug|Any CPU.ActiveCfg = Debug|Any CPU
		{A640BEB9-F87C-416B-868B-FE40148EA729}.Debug|Any CPU.Build.0 = Debug|Any CPU
		{A640BEB9-F87C-416B-868B-FE40148EA729}.Release|Any CPU.ActiveCfg = Release|Any CPU
		{A640BEB9-F87C-416B-868B-FE40148EA729}.Release|Any CPU.Build.0 = Release|Any CPU
		{EF481582-3434-44BE-B566-E0175DD3477D}.Debug|Any CPU.ActiveCfg = Debug|Any CPU
		{EF481582-3434-44BE-B566-E0175DD3477D}.Debug|Any CPU.Build.0 = Debug|Any CPU
		{EF481582-3434-44BE-B566-E0175DD3477D}.Release|Any CPU.ActiveCfg = Release|Any CPU
		{EF481582-3434-44BE-B566-E0175DD3477D}.Release|Any CPU.Build.0 = Release|Any CPU
	EndGlobalSection
	GlobalSection(SolutionProperties) = preSolution
		HideSolutionNode = FALSE
	EndGlobalSection
	GlobalSection(NestedProjects) = preSolution
		{60E56E2B-3A62-4239-B45F-648AF1F6D483} = {0AC44DBE-E59A-48EE-A6F8-BDD3819FCBE6}
		{639C6088-2498-4B9F-BCC9-A10DB9568193} = {F25078AC-D819-4187-A9A9-010C1AFB14CD}
		{FFB937A2-91C4-4DBA-ABC0-3F54BA885171} = {8E9FB011-45C7-42F5-A015-58F2C856FCEC}
		{A640BEB9-F87C-416B-868B-FE40148EA729} = {D6871080-0FE1-4690-ABBE-7322F9AEB3E1}
		{EF481582-3434-44BE-B566-E0175DD3477D} = {43BAB057-A2FE-4E3F-82CE-703B92D24D61}
	EndGlobalSection
	GlobalSection(ExtensibilityGlobals) = postSolution
		SolutionGuid = {D5C13E0C-76E7-4E4F-A2F5-DCB8260A9ED2}
	EndGlobalSection
EndGlobal
